<?xml version="1.0" encoding="utf-8"?>
<Project ToolsVersion="4.0" xmlns="http://schemas.microsoft.com/developer/msbuild/2003">
  <ItemGroup>
    <Filter Include="Source Files">
      <UniqueIdentifier>{4FC737F1-C7A5-4376-A066-2A32D752A2FF}</UniqueIdentifier>
      <Extensions>cpp;c;cc;cxx;def;odl;idl;hpj;bat;asm;asmx</Extensions>
    </Filter>
    <Filter Include="Header Files">
      <UniqueIdentifier>{93995380-89BD-4b04-88EB-625FBE52EBFB}</UniqueIdentifier>
      <Extensions>h;hh;hpp;hxx;hm;inl;inc;xsd</Extensions>
    </Filter>
    <Filter Include="Resource Files">
      <UniqueIdentifier>{67DA6AB6-F800-4c08-8B7A-83BB121AAD01}</UniqueIdentifier>
      <Extensions>rc;ico;cur;bmp;dlg;rc2;rct;bin;rgs;gif;jpg;jpeg;jpe;resx;tiff;tif;png;wav;mfcribbon-ms</Extensions>
    </Filter>
    <Filter Include="Interface">
      <UniqueIdentifier>{f5ec096f-5e38-49c2-9644-b347bda15a6d}</UniqueIdentifier>
    </Filter>
    <Filter Include="Util">
      <UniqueIdentifier>{4bfab60a-2416-49e6-b29d-4acaa70fd545}</UniqueIdentifier>
    </Filter>
    <Filter Include="Main Entry">
      <UniqueIdentifier>{196ae826-9f09-433e-acfa-a2cb9584fc56}</UniqueIdentifier>
    </Filter>
    <Filter Include="pch">
      <UniqueIdentifier>{af0095eb-53e3-45a9-b82c-1519d95255ee}</UniqueIdentifier>
    </Filter>
    <Filter Include="DDraw">
      <UniqueIdentifier>{e8dad6d6-1c77-43f5-8d48-548fd3bfe779}</UniqueIdentifier>
    </Filter>
  </ItemGroup>
  <ItemGroup>
    <Text Include="ReadMe.txt" />
  </ItemGroup>
  <ItemGroup>
    <ClInclude Include="targetver.h">
      <Filter>Header Files</Filter>
    </ClInclude>
    <ClInclude Include="Resource.h">
      <Filter>Header Files</Filter>
    </ClInclude>
    <ClInclude Include="..\Megayuchi_Common\IRadialDevice.h">
      <Filter>Interface</Filter>
    </ClInclude>
    <ClInclude Include="..\Megayuchi_UTIL\debug_new.h">
      <Filter>Util</Filter>
    </ClInclude>
    <ClInclude Include="..\Megayuchi_UTIL\RefCheck.h">
      <Filter>Util</Filter>
    </ClInclude>
    <ClInclude Include="..\Megayuchi_UTIL\WriteDebugString.h">
      <Filter>Util</Filter>
    </ClInclude>
    <ClInclude Include="stdafx.h">
      <Filter>pch</Filter>
    </ClInclude>
    <ClInclude Include="DDraw.h">
      <Filter>DDraw</Filter>
    </ClInclude>
  </ItemGroup>
  <ItemGroup>
    <ClCompile Include="..\Megayuchi_UTIL\RefCheck.cpp">
      <Filter>Util</Filter>
    </ClCompile>
    <ClCompile Include="..\Megayuchi_UTIL\WriteDebugString.cpp">
      <Filter>Util</Filter>
    </ClCompile>
    <ClCompile Include="stdafx.cpp">
      <Filter>pch</Filter>
    </ClCompile>
    <ClCompile Include="main.cpp">
      <Filter>Main Entry</Filter>
    </ClCompile>
    <ClCompile Include="DDraw.cpp">
      <Filter>DDraw</Filter>
    </ClCompile>
  </ItemGroup>
  <ItemGroup>
    <ResourceCompile Include="Client.rc">
      <Filter>Resource Files</Filter>
    </ResourceCompile>
  </ItemGroup>
  <ItemGroup>
    <Image Include="small.ico">
      <Filter>Resource Files</Filter>
    </Image>
    <Image Include="Client.ico">
      <Filter>Resource Files</Filter>
    </Image>
  </ItemGroup>
</Project>